// !$*UTF8*$!
{
	archiveVersion = 1;
	classes = {
	};
	objectVersion = 55;
	objects = {

/* Begin PBXBuildFile section */
		833DD7C428A665770019B379 /* AppDelegate.swift in Sources */ = {isa = PBXBuildFile; fileRef = 833DD7C328A665770019B379 /* AppDelegate.swift */; };
		833DD7C628A665770019B379 /* SceneDelegate.swift in Sources */ = {isa = PBXBuildFile; fileRef = 833DD7C528A665770019B379 /* SceneDelegate.swift */; };
		833DD7C828A665770019B379 /* ViewController.swift in Sources */ = {isa = PBXBuildFile; fileRef = 833DD7C728A665770019B379 /* ViewController.swift */; };
		833DD7CB28A665770019B379 /* Main.storyboard in Resources */ = {isa = PBXBuildFile; fileRef = 833DD7C928A665770019B379 /* Main.storyboard */; };
		833DD7CD28A665780019B379 /* Assets.xcassets in Resources */ = {isa = PBXBuildFile; fileRef = 833DD7CC28A665780019B379 /* Assets.xcassets */; };
		833DD7D028A665780019B379 /* LaunchScreen.storyboard in Resources */ = {isa = PBXBuildFile; fileRef = 833DD7CE28A665780019B379 /* LaunchScreen.storyboard */; };
		833DD7D828A66E6E0019B379 /* ChattingTableViewCell.swift in Sources */ = {isa = PBXBuildFile; fileRef = 833DD7D728A66E6E0019B379 /* ChattingTableViewCell.swift */; };
		83C37B1428AE253700DE1326 /* DetailProfileViewController.swift in Sources */ = {isa = PBXBuildFile; fileRef = 83C37B1328AE253700DE1326 /* DetailProfileViewController.swift */; };
		83C60D2A28A7FF9800D1C64D /* MyDB.swift in Sources */ = {isa = PBXBuildFile; fileRef = 83C60D2928A7FF9800D1C64D /* MyDB.swift */; };
		83C60D2C28A801F400D1C64D /* ImageAPI.swift in Sources */ = {isa = PBXBuildFile; fileRef = 83C60D2B28A801F400D1C64D /* ImageAPI.swift */; };
		83C60D2E28A8026400D1C64D /* RandomImage.swift in Sources */ = {isa = PBXBuildFile; fileRef = 83C60D2D28A8026400D1C64D /* RandomImage.swift */; };
		83C60D3028A8026E00D1C64D /* RandomName.swift in Sources */ = {isa = PBXBuildFile; fileRef = 83C60D2F28A8026E00D1C64D /* RandomName.swift */; };
		83C60D3228A8027800D1C64D /* RandomStatus.swift in Sources */ = {isa = PBXBuildFile; fileRef = 83C60D3128A8027800D1C64D /* RandomStatus.swift */; };
		83CBFF2928A8144D002955C9 /* NameAPI.swift in Sources */ = {isa = PBXBuildFile; fileRef = 83CBFF2828A8144D002955C9 /* NameAPI.swift */; };
		83CBFF2B28A817A0002955C9 /* StatusAPI.swift in Sources */ = {isa = PBXBuildFile; fileRef = 83CBFF2A28A817A0002955C9 /* StatusAPI.swift */; };
/* End PBXBuildFile section */

/* Begin PBXFileReference section */
		833DD7C028A665770019B379 /* CHChatView.app */ = {isa = PBXFileReference; explicitFileType = wrapper.application; includeInIndex = 0; path = CHChatView.app; sourceTree = BUILT_PRODUCTS_DIR; };
		833DD7C328A665770019B379 /* AppDelegate.swift */ = {isa = PBXFileReference; lastKnownFileType = sourcecode.swift; path = AppDelegate.swift; sourceTree = "<group>"; };
		833DD7C528A665770019B379 /* SceneDelegate.swift */ = {isa = PBXFileReference; lastKnownFileType = sourcecode.swift; path = SceneDelegate.swift; sourceTree = "<group>"; };
		833DD7C728A665770019B379 /* ViewController.swift */ = {isa = PBXFileReference; lastKnownFileType = sourcecode.swift; path = ViewController.swift; sourceTree = "<group>"; };
		833DD7CA28A665770019B379 /* Base */ = {isa = PBXFileReference; lastKnownFileType = file.storyboard; name = Base; path = Base.lproj/Main.storyboard; sourceTree = "<group>"; };
		833DD7CC28A665780019B379 /* Assets.xcassets */ = {isa = PBXFileReference; lastKnownFileType = folder.assetcatalog; path = Assets.xcassets; sourceTree = "<group>"; };
		833DD7CF28A665780019B379 /* Base */ = {isa = PBXFileReference; lastKnownFileType = file.storyboard; name = Base; path = Base.lproj/LaunchScreen.storyboard; sourceTree = "<group>"; };
		833DD7D128A665780019B379 /* Info.plist */ = {isa = PBXFileReference; lastKnownFileType = text.plist.xml; path = Info.plist; sourceTree = "<group>"; };
		833DD7D728A66E6E0019B379 /* ChattingTableViewCell.swift */ = {isa = PBXFileReference; lastKnownFileType = sourcecode.swift; path = ChattingTableViewCell.swift; sourceTree = "<group>"; };
		83C37B1328AE253700DE1326 /* DetailProfileViewController.swift */ = {isa = PBXFileReference; lastKnownFileType = sourcecode.swift; path = DetailProfileViewController.swift; sourceTree = "<group>"; };
		83C60D2928A7FF9800D1C64D /* MyDB.swift */ = {isa = PBXFileReference; lastKnownFileType = sourcecode.swift; path = MyDB.swift; sourceTree = "<group>"; };
		83C60D2B28A801F400D1C64D /* ImageAPI.swift */ = {isa = PBXFileReference; lastKnownFileType = sourcecode.swift; path = ImageAPI.swift; sourceTree = "<group>"; };
		83C60D2D28A8026400D1C64D /* RandomImage.swift */ = {isa = PBXFileReference; lastKnownFileType = sourcecode.swift; path = RandomImage.swift; sourceTree = "<group>"; };
		83C60D2F28A8026E00D1C64D /* RandomName.swift */ = {isa = PBXFileReference; lastKnownFileType = sourcecode.swift; path = RandomName.swift; sourceTree = "<group>"; };
		83C60D3128A8027800D1C64D /* RandomStatus.swift */ = {isa = PBXFileReference; lastKnownFileType = sourcecode.swift; path = RandomStatus.swift; sourceTree = "<group>"; };
		83CBFF2828A8144D002955C9 /* NameAPI.swift */ = {isa = PBXFileReference; lastKnownFileType = sourcecode.swift; path = NameAPI.swift; sourceTree = "<group>"; };
		83CBFF2A28A817A0002955C9 /* StatusAPI.swift */ = {isa = PBXFileReference; lastKnownFileType = sourcecode.swift; path = StatusAPI.swift; sourceTree = "<group>"; };
/* End PBXFileReference section */

/* Begin PBXFrameworksBuildPhase section */
		833DD7BD28A665770019B379 /* Frameworks */ = {
			isa = PBXFrameworksBuildPhase;
			buildActionMask = 2147483647;
			files = (
			);
			runOnlyForDeploymentPostprocessing = 0;
		};
/* End PBXFrameworksBuildPhase section */

/* Begin PBXGroup section */
		833DD7B728A665770019B379 = {
			isa = PBXGroup;
			children = (
				833DD7C228A665770019B379 /* CHChatView */,
				833DD7C128A665770019B379 /* Products */,
			);
			sourceTree = "<group>";
		};
		833DD7C128A665770019B379 /* Products */ = {
			isa = PBXGroup;
			children = (
				833DD7C028A665770019B379 /* CHChatView.app */,
			);
			name = Products;
			sourceTree = "<group>";
		};
		833DD7C228A665770019B379 /* CHChatView */ = {
			isa = PBXGroup;
			children = (
				833DD7C328A665770019B379 /* AppDelegate.swift */,
				833DD7C528A665770019B379 /* SceneDelegate.swift */,
				833DD7D728A66E6E0019B379 /* ChattingTableViewCell.swift */,
				83C37B1328AE253700DE1326 /* DetailProfileViewController.swift */,
				833DD7C728A665770019B379 /* ViewController.swift */,
				83C60D2B28A801F400D1C64D /* ImageAPI.swift */,
				83CBFF2828A8144D002955C9 /* NameAPI.swift */,
				83CBFF2A28A817A0002955C9 /* StatusAPI.swift */,
				83C60D2D28A8026400D1C64D /* RandomImage.swift */,
				83C60D2F28A8026E00D1C64D /* RandomName.swift */,
				83C60D3128A8027800D1C64D /* RandomStatus.swift */,
				83C60D2928A7FF9800D1C64D /* MyDB.swift */,
				833DD7C928A665770019B379 /* Main.storyboard */,
				833DD7CC28A665780019B379 /* Assets.xcassets */,
				833DD7CE28A665780019B379 /* LaunchScreen.storyboard */,
				833DD7D128A665780019B379 /* Info.plist */,
			);
			path = CHChatView;
			sourceTree = "<group>";
		};
/* End PBXGroup section */

/* Begin PBXNativeTarget section */
		833DD7BF28A665770019B379 /* CHChatView */ = {
			isa = PBXNativeTarget;
			buildConfigurationList = 833DD7D428A665780019B379 /* Build configuration list for PBXNativeTarget "CHChatView" */;
			buildPhases = (
				833DD7BC28A665770019B379 /* Sources */,
				833DD7BD28A665770019B379 /* Frameworks */,
				833DD7BE28A665770019B379 /* Resources */,
			);
			buildRules = (
			);
			dependencies = (
			);
			name = CHChatView;
			productName = CHChatView;
			productReference = 833DD7C028A665770019B379 /* CHChatView.app */;
			productType = "com.apple.product-type.application";
		};
/* End PBXNativeTarget section */

/* Begin PBXProject section */
		833DD7B828A665770019B379 /* Project object */ = {
			isa = PBXProject;
			attributes = {
				BuildIndependentTargetsInParallel = 1;
				LastSwiftUpdateCheck = 1340;
				LastUpgradeCheck = 1340;
				TargetAttributes = {
					833DD7BF28A665770019B379 = {
						CreatedOnToolsVersion = 13.4.1;
					};
				};
			};
			buildConfigurationList = 833DD7BB28A665770019B379 /* Build configuration list for PBXProject "CHChatView" */;
			compatibilityVersion = "Xcode 13.0";
			developmentRegion = en;
			hasScannedForEncodings = 0;
			knownRegions = (
				en,
				Base,
			);
			mainGroup = 833DD7B728A665770019B379;
			productRefGroup = 833DD7C128A665770019B379 /* Products */;
			projectDirPath = "";
			projectRoot = "";
			targets = (
				833DD7BF28A665770019B379 /* CHChatView */,
			);
		};
/* End PBXProject section */

/* Begin PBXResourcesBuildPhase section */
		833DD7BE28A665770019B379 /* Resources */ = {
			isa = PBXResourcesBuildPhase;
			buildActionMask = 2147483647;
			files = (
				833DD7D028A665780019B379 /* LaunchScreen.storyboard in Resources */,
				833DD7CD28A665780019B379 /* Assets.xcassets in Resources */,
				833DD7CB28A665770019B379 /* Main.storyboard in Resources */,
			);
			runOnlyForDeploymentPostprocessing = 0;
		};
/* End PBXResourcesBuildPhase section */

/* Begin PBXSourcesBuildPhase section */
		833DD7BC28A665770019B379 /* Sources */ = {
			isa = PBXSourcesBuildPhase;
			buildActionMask = 2147483647;
			files = (
				833DD7C828A665770019B379 /* ViewController.swift in Sources */,
				83CBFF2B28A817A0002955C9 /* StatusAPI.swift in Sources */,
				83C37B1428AE253700DE1326 /* DetailProfileViewController.swift in Sources */,
				83CBFF2928A8144D002955C9 /* NameAPI.swift in Sources */,
				833DD7C428A665770019B379 /* AppDelegate.swift in Sources */,
				83C60D2C28A801F400D1C64D /* ImageAPI.swift in Sources */,
				833DD7C628A665770019B379 /* SceneDelegate.swift in Sources */,
				833DD7D828A66E6E0019B379 /* ChattingTableViewCell.swift in Sources */,
				83C60D3028A8026E00D1C64D /* RandomName.swift in Sources */,
				83C60D2E28A8026400D1C64D /* RandomImage.swift in Sources */,
				83C60D3228A8027800D1C64D /* RandomStatus.swift in Sources */,
				83C60D2A28A7FF9800D1C64D /* MyDB.swift in Sources */,
			);
			runOnlyForDeploymentPostprocessing = 0;
		};
/* End PBXSourcesBuildPhase section */

/* Begin PBXVariantGroup section */
		833DD7C928A665770019B379 /* Main.storyboard */ = {
			isa = PBXVariantGroup;
			children = (
				833DD7CA28A665770019B379 /* Base */,
			);
			name = Main.storyboard;
			sourceTree = "<group>";
		};
		833DD7CE28A665780019B379 /* LaunchScreen.storyboard */ = {
			isa = PBXVariantGroup;
			children = (
				833DD7CF28A665780019B379 /* Base */,
			);
			name = LaunchScreen.storyboard;
			sourceTree = "<group>";
		};
/* End PBXVariantGroup section */

/* Begin XCBuildConfiguration section */
		833DD7D228A665780019B379 /* Debug */ = {
			isa = XCBuildConfiguration;
			buildSettings = {
				ALWAYS_SEARCH_USER_PATHS = NO;
				CLANG_ANALYZER_NONNULL = YES;
				CLANG_ANALYZER_NUMBER_OBJECT_CONVERSION = YES_AGGRESSIVE;
				CLANG_CXX_LANGUAGE_STANDARD = "gnu++17";
				CLANG_ENABLE_MODULES = YES;
				CLANG_ENABLE_OBJC_ARC = YES;
				CLANG_ENABLE_OBJC_WEAK = YES;
				CLANG_WARN_BLOCK_CAPTURE_AUTORELEASING = YES;
				CLANG_WARN_BOOL_CONVERSION = YES;
				CLANG_WARN_COMMA = YES;
				CLANG_WARN_CONSTANT_CONVERSION = YES;
				CLANG_WARN_DEPRECATED_OBJC_IMPLEMENTATIONS = YES;
				CLANG_WARN_DIRECT_OBJC_ISA_USAGE = YES_ERROR;
				CLANG_WARN_DOCUMENTATION_COMMENTS = YES;
				CLANG_WARN_EMPTY_BODY = YES;
				CLANG_WARN_ENUM_CONVERSION = YES;
				CLANG_WARN_INFINITE_RECURSION = YES;
				CLANG_WARN_INT_CONVERSION = YES;
				CLANG_WARN_NON_LITERAL_NULL_CONVERSION = YES;
				CLANG_WARN_OBJC_IMPLICIT_RETAIN_SELF = YES;
				CLANG_WARN_OBJC_LITERAL_CONVERSION = YES;
				CLANG_WARN_OBJC_ROOT_CLASS = YES_ERROR;
				CLANG_WARN_QUOTED_INCLUDE_IN_FRAMEWORK_HEADER = YES;
				CLANG_WARN_RANGE_LOOP_ANALYSIS = YES;
				CLANG_WARN_STRICT_PROTOTYPES = YES;
				CLANG_WARN_SUSPICIOUS_MOVE = YES;
				CLANG_WARN_UNGUARDED_AVAILABILITY = YES_AGGRESSIVE;
				CLANG_WARN_UNREACHABLE_CODE = YES;
				CLANG_WARN__DUPLICATE_METHOD_MATCH = YES;
				COPY_PHASE_STRIP = NO;
				DEBUG_INFORMATION_FORMAT = dwarf;
				ENABLE_STRICT_OBJC_MSGSEND = YES;
				ENABLE_TESTABILITY = YES;
				GCC_C_LANGUAGE_STANDARD = gnu11;
				GCC_DYNAMIC_NO_PIC = NO;
				GCC_NO_COMMON_BLOCKS = YES;
				GCC_OPTIMIZATION_LEVEL = 0;
				GCC_PREPROCESSOR_DEFINITIONS = (
					"DEBUG=1",
					"$(inherited)",
				);
				GCC_WARN_64_TO_32_BIT_CONVERSION = YES;
				GCC_WARN_ABOUT_RETURN_TYPE = YES_ERROR;
				GCC_WARN_UNDECLARED_SELECTOR = YES;
				GCC_WARN_UNINITIALIZED_AUTOS = YES_AGGRESSIVE;
				GCC_WARN_UNUSED_FUNCTION = YES;
				GCC_WARN_UNUSED_VARIABLE = YES;
				IPHONEOS_DEPLOYMENT_TARGET = 15.5;
				MTL_ENABLE_DEBUG_INFO = INCLUDE_SOURCE;
				MTL_FAST_MATH = YES;
				ONLY_ACTIVE_ARCH = YES;
				SDKROOT = iphoneos;
				SWIFT_ACTIVE_COMPILATION_CONDITIONS = DEBUG;
				SWIFT_OPTIMIZATION_LEVEL = "-Onone";
			};
			name = Debug;
		};
		833DD7D328A665780019B379 /* Release */ = {
			isa = XCBuildConfiguration;
			buildSettings = {
				ALWAYS_SEARCH_USER_PATHS = NO;
				CLANG_ANALYZER_NONNULL = YES;
				CLANG_ANALYZER_NUMBER_OBJECT_CONVERSION = YES_AGGRESSIVE;
				CLANG_CXX_LANGUAGE_STANDARD = "gnu++17";
				CLANG_ENABLE_MODULES = YES;
				CLANG_ENABLE_OBJC_ARC = YES;
				CLANG_ENABLE_OBJC_WEAK = YES;
				CLANG_WARN_BLOCK_CAPTURE_AUTORELEASING = YES;
				CLANG_WARN_BOOL_CONVERSION = YES;
				CLANG_WARN_COMMA = YES;
				CLANG_WARN_CONSTANT_CONVERSION = YES;
				CLANG_WARN_DEPRECATED_OBJC_IMPLEMENTATIONS = YES;
				CLANG_WARN_DIRECT_OBJC_ISA_USAGE = YES_ERROR;
				CLANG_WARN_DOCUMENTATION_COMMENTS = YES;
				CLANG_WARN_EMPTY_BODY = YES;
				CLANG_WARN_ENUM_CONVERSION = YES;
				CLANG_WARN_INFINITE_RECURSION = YES;
				CLANG_WARN_INT_CONVERSION = YES;
				CLANG_WARN_NON_LITERAL_NULL_CONVERSION = YES;
				CLANG_WARN_OBJC_IMPLICIT_RETAIN_SELF = YES;
				CLANG_WARN_OBJC_LITERAL_CONVERSION = YES;
				CLANG_WARN_OBJC_ROOT_CLASS = YES_ERROR;
				CLANG_WARN_QUOTED_INCLUDE_IN_FRAMEWORK_HEADER = YES;
				CLANG_WARN_RANGE_LOOP_ANALYSIS = YES;
				CLANG_WARN_STRICT_PROTOTYPES = YES;
				CLANG_WARN_SUSPICIOUS_MOVE = YES;
				CLANG_WARN_UNGUARDED_AVAILABILITY = YES_AGGRESSIVE;
				CLANG_WARN_UNREACHABLE_CODE = YES;
				CLANG_WARN__DUPLICATE_METHOD_MATCH = YES;
				COPY_PHASE_STRIP = NO;
				DEBUG_INFORMATION_FORMAT = "dwarf-with-dsym";
				ENABLE_NS_ASSERTIONS = NO;
				ENABLE_STRICT_OBJC_MSGSEND = YES;
				GCC_C_LANGUAGE_STANDARD = gnu11;
				GCC_NO_COMMON_BLOCKS = YES;
				GCC_WARN_64_TO_32_BIT_CONVERSION = YES;
				GCC_WARN_ABOUT_RETURN_TYPE = YES_ERROR;
				GCC_WARN_UNDECLARED_SELECTOR = YES;
				GCC_WARN_UNINITIALIZED_AUTOS = YES_AGGRESSIVE;
				GCC_WARN_UNUSED_FUNCTION = YES;
				GCC_WARN_UNUSED_VARIABLE = YES;
				IPHONEOS_DEPLOYMENT_TARGET = 15.5;
				MTL_ENABLE_DEBUG_INFO = NO;
				MTL_FAST_MATH = YES;
				SDKROOT = iphoneos;
				SWIFT_COMPILATION_MODE = wholemodule;
				SWIFT_OPTIMIZATION_LEVEL = "-O";
				VALIDATE_PRODUCT = YES;
			};
			name = Release;
		};
		833DD7D528A665780019B379 /* Debug */ = {
			isa = XCBuildConfiguration;
			buildSettings = {
				ASSETCATALOG_COMPILER_APPICON_NAME = AppIcon;
				ASSETCATALOG_COMPILER_GLOBAL_ACCENT_COLOR_NAME = AccentColor;
				CODE_SIGN_STYLE = Automatic;
				CURRENT_PROJECT_VERSION = 1;
				DEVELOPMENT_TEAM = D289277BWD;
				GENERATE_INFOPLIST_FILE = YES;
				INFOPLIST_FILE = CHChatView/Info.plist;
				INFOPLIST_KEY_UIApplicationSupportsIndirectInputEvents = YES;
				INFOPLIST_KEY_UILaunchStoryboardName = LaunchScreen;
				INFOPLIST_KEY_UIMainStoryboardFile = Main;
				INFOPLIST_KEY_UISupportedInterfaceOrientations_iPad = "UIInterfaceOrientationPortrait UIInterfaceOrientationPortraitUpsideDown UIInterfaceOrientationLandscapeLeft UIInterfaceOrientationLandscapeRight";
				INFOPLIST_KEY_UISupportedInterfaceOrientations_iPhone = "UIInterfaceOrientationPortrait UIInterfaceOrientationLandscapeLeft UIInterfaceOrientationLandscapeRight";
				LD_RUNPATH_SEARCH_PATHS = (
					"$(inherited)",
					"@executable_path/Frameworks",
				);
				MARKETING_VERSION = 1.0;
				PRODUCT_BUNDLE_IDENTIFIER = jcw.CHChatView;
				PRODUCT_NAME = "$(TARGET_NAME)";
				SWIFT_EMIT_LOC_STRINGS = YES;
				SWIFT_VERSION = 5.0;
				TARGETED_DEVICE_FAMILY = "1,2";
			};
			name = Debug;
		};
		833DD7D628A665780019B379 /* Release */ = {
			isa = XCBuildConfiguration;
			buildSettings = {
				ASSETCATALOG_COMPILER_APPICON_NAME = AppIcon;
				ASSETCATALOG_COMPILER_GLOBAL_ACCENT_COLOR_NAME = AccentColor;
				CODE_SIGN_STYLE = Automatic;
				CURRENT_PROJECT_VERSION = 1;
				DEVELOPMENT_TEAM = D289277BWD;
				GENERATE_INFOPLIST_FILE = YES;
				INFOPLIST_FILE = CHChatView/Info.plist;
				INFOPLIST_KEY_UIApplicationSupportsIndirectInputEvents = YES;
				INFOPLIST_KEY_UILaunchStoryboardName = LaunchScreen;
				INFOPLIST_KEY_UIMainStoryboardFile = Main;
				INFOPLIST_KEY_UISupportedInterfaceOrientations_iPad = "UIInterfaceOrientationPortrait UIInterfaceOrientationPortraitUpsideDown UIInterfaceOrientationLandscapeLeft UIInterfaceOrientationLandscapeRight";
				INFOPLIST_KEY_UISupportedInterfaceOrientations_iPhone = "UIInterfaceOrientationPortrait UIInterfaceOrientationLandscapeLeft UIInterfaceOrientationLandscapeRight";
				LD_RUNPATH_SEARCH_PATHS = (
					"$(inherited)",
					"@executable_path/Frameworks",
				);
				MARKETING_VERSION = 1.0;
				PRODUCT_BUNDLE_IDENTIFIER = jcw.CHChatView;
				PRODUCT_NAME = "$(TARGET_NAME)";
				SWIFT_EMIT_LOC_STRINGS = YES;
				SWIFT_VERSION = 5.0;
				TARGETED_DEVICE_FAMILY = "1,2";
			};
			name = Release;
		};
/* End XCBuildConfiguration section */

/* Begin XCConfigurationList section */
		833DD7BB28A665770019B379 /* Build configuration list for PBXProject "CHChatView" */ = {
			isa = XCConfigurationList;
			buildConfigurations = (
				833DD7D228A665780019B379 /* Debug */,
				833DD7D328A665780019B379 /* Release */,
			);
			defaultConfigurationIsVisible = 0;
			defaultConfigurationName = Release;
		};
		833DD7D428A665780019B379 /* Build configuration list for PBXNativeTarget "CHChatView" */ = {
			isa = XCConfigurationList;
			buildConfigurations = (
				833DD7D528A665780019B379 /* Debug */,
				833DD7D628A665780019B379 /* Release */,
			);
			defaultConfigurationIsVisible = 0;
			defaultConfigurationName = Release;
		};
/* End XCConfigurationList section */
	};
	rootObject = 833DD7B828A665770019B379 /* Project object */;
}
